
Microsoft Visual Studio Solution File, Format Version 12.00
# Visual Studio 2013
VisualStudioVersion = 12.0.31101.0
MinimumVisualStudioVersion = 10.0.40219.1
Project("{FAE04EC0-301F-11D3-BF4B-00C04F79EFBC}") = "Dapper.Persistence", "Dapper.Persistence\Dapper.Persistence.csproj", "{80225503-1341-490D-A7E7-FE697F159C71}"
EndProject
Project("{2150E333-8FDC-42A3-9474-1A3956D46DE8}") = "Test", "Test", "{6DDA7676-C051-4617-9FFA-49A54C764D2C}"
EndProject
Project("{FAE04EC0-301F-11D3-BF4B-00C04F79EFBC}") = "Functional.Tests", "Test\Functional.Tests\Functional.Tests.csproj", "{2B675D19-29C2-4AEE-9404-DC564B0B4F0C}"
EndProject
Project("{FAE04EC0-301F-11D3-BF4B-00C04F79EFBC}") = "Unit.Tests", "Test\Unit.Tests\Unit.Tests.csproj", "{326FB7C4-A1B9-4683-90EA-5970283724AA}"
EndProject
Global
	GlobalSection(SolutionConfigurationPlatforms) = preSolution
		Debug|Any CPU = Debug|Any CPU
		Release|Any CPU = Release|Any CPU
	EndGlobalSection
	GlobalSection(ProjectConfigurationPlatforms) = postSolution
		{80225503-1341-490D-A7E7-FE697F159C71}.Debug|Any CPU.ActiveCfg = Debug|Any CPU
		{80225503-1341-490D-A7E7-FE697F159C71}.Debug|Any CPU.Build.0 = Debug|Any CPU
		{80225503-1341-490D-A7E7-FE697F159C71}.Release|Any CPU.ActiveCfg = Release|Any CPU
		{80225503-1341-490D-A7E7-FE697F159C71}.Release|Any CPU.Build.0 = Release|Any CPU
		{2B675D19-29C2-4AEE-9404-DC564B0B4F0C}.Debug|Any CPU.ActiveCfg = Debug|Any CPU
		{2B675D19-29C2-4AEE-9404-DC564B0B4F0C}.Debug|Any CPU.Build.0 = Debug|Any CPU
		{2B675D19-29C2-4AEE-9404-DC564B0B4F0C}.Release|Any CPU.ActiveCfg = Release|Any CPU
		{2B675D19-29C2-4AEE-9404-DC564B0B4F0C}.Release|Any CPU.Build.0 = Release|Any CPU
		{326FB7C4-A1B9-4683-90EA-5970283724AA}.Debug|Any CPU.ActiveCfg = Debug|Any CPU
		{326FB7C4-A1B9-4683-90EA-5970283724AA}.Debug|Any CPU.Build.0 = Debug|Any CPU
		{326FB7C4-A1B9-4683-90EA-5970283724AA}.Release|Any CPU.ActiveCfg = Release|Any CPU
		{326FB7C4-A1B9-4683-90EA-5970283724AA}.Release|Any CPU.Build.0 = Release|Any CPU
	EndGlobalSection
	GlobalSection(SolutionProperties) = preSolution
		HideSolutionNode = FALSE
	EndGlobalSection
	GlobalSection(NestedProjects) = preSolution
		{2B675D19-29C2-4AEE-9404-DC564B0B4F0C} = {6DDA7676-C051-4617-9FFA-49A54C764D2C}
		{326FB7C4-A1B9-4683-90EA-5970283724AA} = {6DDA7676-C051-4617-9FFA-49A54C764D2C}
	EndGlobalSection
EndGlobal
